
Microsoft Visual Studio Solution File, Format Version 12.00
# Visual Studio Version 17
VisualStudioVersion = 17.8.34525.116
MinimumVisualStudioVersion = 10.0.40219.1
Project("{FAE04EC0-301F-11D3-BF4B-00C04F79EFBC}") = "chat-app-api", "chat-app-api\chat-app-api.csproj", "{4C2B6840-40D7-4984-9AE2-2FAC33E88BAC}"
EndProject
Global
	GlobalSection(SolutionConfigurationPlatforms) = preSolution
		Debug|Any CPU = Debug|Any CPU
		Release|Any CPU = Release|Any CPU
	EndGlobalSection
	GlobalSection(ProjectConfigurationPlatforms) = postSolution
		{4C2B6840-40D7-4984-9AE2-2FAC33E88BAC}.Debug|Any CPU.ActiveCfg = Debug|Any CPU
		{4C2B6840-40D7-4984-9AE2-2FAC33E88BAC}.Debug|Any CPU.Build.0 = Debug|Any CPU
		{4C2B6840-40D7-4984-9AE2-2FAC33E88BAC}.Release|Any CPU.ActiveCfg = Release|Any CPU
		{4C2B6840-40D7-4984-9AE2-2FAC33E88BAC}.Release|Any CPU.Build.0 = Release|Any CPU
	EndGlobalSection
	GlobalSection(SolutionProperties) = preSolution
		HideSolutionNode = FALSE
	EndGlobalSection
	GlobalSection(ExtensibilityGlobals) = postSolution
		SolutionGuid = {F851F278-93E0-46F2-A982-635F13CF449A}
	EndGlobalSection
EndGlobal
